
Microsoft Visual Studio Solution File, Format Version 12.00
# Visual Studio Version 17
VisualStudioVersion = 17.7.34031.279
MinimumVisualStudioVersion = 10.0.40219.1
Project("{FAE04EC0-301F-11D3-BF4B-00C04F79EFBC}") = "PokerStarsTest1", "PokerStarsTest1.csproj", "{D2F05507-8008-4629-8BF7-C24F8BC78BC6}"
EndProject
Global
	GlobalSection(SolutionConfigurationPlatforms) = preSolution
		Debug|Any CPU = Debug|Any CPU
		Release|Any CPU = Release|Any CPU
	EndGlobalSection
	GlobalSection(ProjectConfigurationPlatforms) = postSolution
		{D2F05507-8008-4629-8BF7-C24F8BC78BC6}.Debug|Any CPU.ActiveCfg = Debug|Any CPU
		{D2F05507-8008-4629-8BF7-C24F8BC78BC6}.Debug|Any CPU.Build.0 = Debug|Any CPU
		{D2F05507-8008-4629-8BF7-C24F8BC78BC6}.Release|Any CPU.ActiveCfg = Release|Any CPU
		{D2F05507-8008-4629-8BF7-C24F8BC78BC6}.Release|Any CPU.Build.0 = Release|Any CPU
	EndGlobalSection
	GlobalSection(SolutionProperties) = preSolution
		HideSolutionNode = FALSE
	EndGlobalSection
	GlobalSection(ExtensibilityGlobals) = postSolution
		SolutionGuid = {03468FD6-C5D6-41C8-9B61-F9B3BF825965}
	EndGlobalSection
EndGlobal
